{
  "name": "@rsbuild-plugin/dev-server",
  "version": "0.0.0",
  "lockfileVersion": 2,
  "requires": true,
  "packages": {
    "": {
      "name": "@rsbuild-plugin/dev-server",
      "version": "0.0.0",
      "devDependencies": {
        "@rslib/core": "^0.1.0",
        "@types/node": "^22.8.1",
        "typescript": "^5.6.3"
      }
    },
    "node_modules/@jridgewell/sourcemap-codec": {
      "version": "1.5.0",
      "dev": true,
      "license": "MIT"
    },
    "node_modules/@module-federation/runtime": {
      "version": "0.5.1",
      "dev": true,
      "license": "MIT",
      "dependencies": {
        "@module-federation/sdk": "0.5.1"
      }
    },
    "node_modules/@module-federation/runtime-tools": {
      "version": "0.5.1",
      "dev": true,
      "license": "MIT",
      "dependencies": {
        "@module-federation/runtime": "0.5.1",
        "@module-federation/webpack-bundler-runtime": "0.5.1"
      }
    },
    "node_modules/@module-federation/sdk": {
      "version": "0.5.1",
      "dev": true,
      "license": "MIT"
    },
    "node_modules/@module-federation/webpack-bundler-runtime": {
      "version": "0.5.1",
      "dev": true,
      "license": "MIT",
      "dependencies": {
        "@module-federation/runtime": "0.5.1",
        "@module-federation/sdk": "0.5.1"
      }
    },
    "node_modules/@rsbuild/core": {
      "version": "1.1.4",
      "dev": true,
      "license": "MIT",
      "dependencies": {
        "@rspack/core": "~1.1.2",
        "@rspack/lite-tapable": "~1.0.1",
        "@swc/helpers": "^0.5.15",
        "core-js": "~3.39.0"
      },
      "bin": {
        "rsbuild": "bin/rsbuild.js"
      },
      "engines": {
        "node": ">=16.7.0"
      }
    },
    "node_modules/@rslib/core": {
      "version": "0.1.0",
      "dev": true,
      "license": "MIT",
      "dependencies": {
        "@rsbuild/core": "~1.1.4",
        "rsbuild-plugin-dts": "0.1.0",
        "tinyglobby": "^0.2.10"
      },
      "bin": {
        "rslib": "bin/rslib.js"
      },
      "engines": {
        "node": ">=16.0.0"
      },
      "peerDependencies": {
        "@microsoft/api-extractor": "^7",
        "typescript": "^5"
      },
      "peerDependenciesMeta": {
        "@microsoft/api-extractor": {
          "optional": true
        },
        "typescript": {
          "optional": true
        }
      }
    },
    "node_modules/@rspack/binding": {
      "version": "1.1.3",
      "dev": true,
      "license": "MIT",
      "optionalDependencies": {
        "@rspack/binding-darwin-arm64": "1.1.3",
        "@rspack/binding-darwin-x64": "1.1.3",
        "@rspack/binding-linux-arm64-gnu": "1.1.3",
        "@rspack/binding-linux-arm64-musl": "1.1.3",
        "@rspack/binding-linux-x64-gnu": "1.1.3",
        "@rspack/binding-linux-x64-musl": "1.1.3",
        "@rspack/binding-win32-arm64-msvc": "1.1.3",
        "@rspack/binding-win32-ia32-msvc": "1.1.3",
        "@rspack/binding-win32-x64-msvc": "1.1.3"
      }
    },
    "node_modules/@rspack/binding-darwin-arm64": {
      "version": "1.1.3",
      "cpu": [
        "arm64"
      ],
      "dev": true,
      "license": "MIT",
      "optional": true,
      "os": [
        "darwin"
      ]
    },
    "node_modules/@rspack/binding/node_modules/@rspack/binding-darwin-x64": {
      "version": "1.1.3",
      "resolved": "https://registry.npmmirror.com/@rspack/binding-darwin-x64/-/binding-darwin-x64-1.1.3.tgz",
      "integrity": "sha512-m1G7SzkRfr1oLgghbAxUwj1J7hSKhtskQZiVeqe5tewKimFr6xLpKSTLTnEtlW0gdGNf1+dRMX/4kLMwhOdY7g==",
      "cpu": [
        "x64"
      ],
      "dev": true,
      "optional": true,
      "os": [
        "darwin"
      ]
    },
    "node_modules/@rspack/binding/node_modules/@rspack/binding-linux-arm64-gnu": {
      "version": "1.1.3",
      "resolved": "https://registry.npmmirror.com/@rspack/binding-linux-arm64-gnu/-/binding-linux-arm64-gnu-1.1.3.tgz",
      "integrity": "sha512-MpOrO1oppxAm8J1ztNz6G5DG/oL9ZLHmIz9vYNV6PKnk+MPhCXqfhFmQ2hZm5VIVKuOobfYEJiDUqKg2MLg8gA==",
      "cpu": [
        "arm64"
      ],
      "dev": true,
      "optional": true,
      "os": [
        "linux"
      ]
    },
    "node_modules/@rspack/binding/node_modules/@rspack/binding-linux-arm64-musl": {
      "version": "1.1.3",
      "resolved": "https://registry.npmmirror.com/@rspack/binding-linux-arm64-musl/-/binding-linux-arm64-musl-1.1.3.tgz",
      "integrity": "sha512-PnUDC1JxT6a5hJW0hhJ9ubWk3R+nk7eLXyNaORHyQH4k8o89Zm5GYoKnDgO4eRy41NB9/aBJQJRGSRn0iAsZgw==",
      "cpu": [
        "arm64"
      ],
      "dev": true,
      "optional": true,
      "os": [
        "linux"
      ]
    },
    "node_modules/@rspack/binding/node_modules/@rspack/binding-linux-x64-gnu": {
      "version": "1.1.3",
      "resolved": "https://registry.npmmirror.com/@rspack/binding-linux-x64-gnu/-/binding-linux-x64-gnu-1.1.3.tgz",
      "integrity": "sha512-+6JgyKXOp2QrHzlru95mge70tDkYlaY4NNE9xyrdj6PgTnM9cVPx4sLVhHC9+tWXaTFnccfEe9Tt6LjKnjHGaA==",
      "cpu": [
        "x64"
      ],
      "dev": true,
      "optional": true,
      "os": [
        "linux"
      ]
    },
    "node_modules/@rspack/binding/node_modules/@rspack/binding-linux-x64-musl": {
      "version": "1.1.3",
      "resolved": "https://registry.npmmirror.com/@rspack/binding-linux-x64-musl/-/binding-linux-x64-musl-1.1.3.tgz",
      "integrity": "sha512-X0TJTVL1Roqq/tvN26QO4u62x2xp5tE0dlhwhbeCHrBdgBzc+PHvcv/8lclRcq6lDPzceAgcnNX/+RbWg0DzKg==",
      "cpu": [
        "x64"
      ],
      "dev": true,
      "optional": true,
      "os": [
        "linux"
      ]
    },
    "node_modules/@rspack/binding/node_modules/@rspack/binding-win32-arm64-msvc": {
      "version": "1.1.3",
      "resolved": "https://registry.npmmirror.com/@rspack/binding-win32-arm64-msvc/-/binding-win32-arm64-msvc-1.1.3.tgz",
      "integrity": "sha512-Lvpp5Q30YiPNkuOFPawp2al2CTWElPeG3X0E9LFIfPdVkLc/e2nkf5a6zSYtnbD2oaskzQIYN/k27fWqWWcVHA==",
      "cpu": [
        "arm64"
      ],
      "dev": true,
      "optional": true,
      "os": [
        "win32"
      ]
    },
    "node_modules/@rspack/binding/node_modules/@rspack/binding-win32-ia32-msvc": {
      "version": "1.1.3",
      "resolved": "https://registry.npmmirror.com/@rspack/binding-win32-ia32-msvc/-/binding-win32-ia32-msvc-1.1.3.tgz",
      "integrity": "sha512-tC+xXcbTRX7l+NFnlGK8UhDIJrKma7S/MA1KDol23/I3Vw67EcaHDwG+q2v7uiJsxn9XooIOSCJhPKmUUfZNXg==",
      "cpu": [
        "ia32"
      ],
      "dev": true,
      "optional": true,
      "os": [
        "win32"
      ]
    },
    "node_modules/@rspack/binding/node_modules/@rspack/binding-win32-x64-msvc": {
      "version": "1.1.3",
      "resolved": "https://registry.npmmirror.com/@rspack/binding-win32-x64-msvc/-/binding-win32-x64-msvc-1.1.3.tgz",
      "integrity": "sha512-jeRaPJtsD/+m1QINgoDMA6D3kOcTwSHVmGSxR6fznLA5BKa76m8lewuALYxHHq9/qcgwJ4e6UtiwrO2JL3vxVQ==",
      "cpu": [
        "x64"
      ],
      "dev": true,
      "optional": true,
      "os": [
        "win32"
      ]
    },
    "node_modules/@rspack/core": {
      "version": "1.1.3",
      "dev": true,
      "license": "MIT",
      "dependencies": {
        "@module-federation/runtime-tools": "0.5.1",
        "@rspack/binding": "1.1.3",
        "@rspack/lite-tapable": "1.0.1",
        "caniuse-lite": "^1.0.30001616"
      },
      "engines": {
        "node": ">=16.0.0"
      },
      "peerDependencies": {
        "@swc/helpers": ">=0.5.1"
      },
      "peerDependenciesMeta": {
        "@swc/helpers": {
          "optional": true
        }
      }
    },
    "node_modules/@rspack/lite-tapable": {
      "version": "1.0.1",
      "dev": true,
      "license": "MIT",
      "engines": {
        "node": ">=16.0.0"
      }
    },
    "node_modules/@swc/helpers": {
      "version": "0.5.15",
      "dev": true,
      "license": "Apache-2.0",
      "dependencies": {
        "tslib": "^2.8.0"
      }
    },
    "node_modules/@types/node": {
      "version": "22.9.1",
      "dev": true,
      "license": "MIT",
      "dependencies": {
        "undici-types": "~6.19.8"
      }
    },
    "node_modules/caniuse-lite": {
      "version": "1.0.30001683",
      "dev": true,
      "funding": [
        {
          "type": "opencollective",
          "url": "https://opencollective.com/browserslist"
        },
        {
          "type": "tidelift",
          "url": "https://tidelift.com/funding/github/npm/caniuse-lite"
        },
        {
          "type": "github",
          "url": "https://github.com/sponsors/ai"
        }
      ],
      "license": "CC-BY-4.0"
    },
    "node_modules/core-js": {
      "version": "3.39.0",
      "dev": true,
      "hasInstallScript": true,
      "license": "MIT",
      "funding": {
        "type": "opencollective",
        "url": "https://opencollective.com/core-js"
      }
    },
    "node_modules/fdir": {
      "version": "6.4.2",
      "dev": true,
      "license": "MIT",
      "peerDependencies": {
        "picomatch": "^3 || ^4"
      },
      "peerDependenciesMeta": {
        "picomatch": {
          "optional": true
        }
      }
    },
    "node_modules/magic-string": {
      "version": "0.30.13",
      "dev": true,
      "license": "MIT",
      "dependencies": {
        "@jridgewell/sourcemap-codec": "^1.5.0"
      }
    },
    "node_modules/picocolors": {
      "version": "1.1.1",
      "dev": true,
      "license": "ISC"
    },
    "node_modules/picomatch": {
      "version": "4.0.2",
      "dev": true,
      "license": "MIT",
      "engines": {
        "node": ">=12"
      },
      "funding": {
        "url": "https://github.com/sponsors/jonschlinkert"
      }
    },
    "node_modules/rsbuild-plugin-dts": {
      "version": "0.1.0",
      "dev": true,
      "license": "MIT",
      "dependencies": {
        "magic-string": "^0.30.12",
        "picocolors": "1.1.1",
        "tinyglobby": "^0.2.10"
      },
      "engines": {
        "node": ">=16.0.0"
      },
      "peerDependencies": {
        "@microsoft/api-extractor": "^7",
        "@rsbuild/core": "1.x",
        "typescript": "^5"
      },
      "peerDependenciesMeta": {
        "@microsoft/api-extractor": {
          "optional": true
        },
        "typescript": {
          "optional": true
        }
      }
    },
    "node_modules/tinyglobby": {
      "version": "0.2.10",
      "dev": true,
      "license": "MIT",
      "dependencies": {
        "fdir": "^6.4.2",
        "picomatch": "^4.0.2"
      },
      "engines": {
        "node": ">=12.0.0"
      }
    },
    "node_modules/tslib": {
      "version": "2.8.1",
      "dev": true,
      "license": "0BSD"
    },
    "node_modules/typescript": {
      "version": "5.6.3",
      "resolved": "https://registry.npmmirror.com/typescript/-/typescript-5.6.3.tgz",
      "integrity": "sha512-hjcS1mhfuyi4WW8IWtjP7brDrG2cuDZukyrYrSauoXGNgx0S7zceP07adYkJycEr56BOUTNPzbInooiN3fn1qw==",
      "dev": true,
      "bin": {
        "tsc": "bin/tsc",
        "tsserver": "bin/tsserver"
      },
      "engines": {
        "node": ">=14.17"
      }
    },
    "node_modules/undici-types": {
      "version": "6.19.8",
      "dev": true,
      "license": "MIT"
    }
  },
  "dependencies": {
    "@jridgewell/sourcemap-codec": {
      "version": "1.5.0",
      "dev": true
    },
    "@module-federation/runtime": {
      "version": "0.5.1",
      "dev": true,
      "requires": {
        "@module-federation/sdk": "0.5.1"
      }
    },
    "@module-federation/runtime-tools": {
      "version": "0.5.1",
      "dev": true,
      "requires": {
        "@module-federation/runtime": "0.5.1",
        "@module-federation/webpack-bundler-runtime": "0.5.1"
      }
    },
    "@module-federation/sdk": {
      "version": "0.5.1",
      "dev": true
    },
    "@module-federation/webpack-bundler-runtime": {
      "version": "0.5.1",
      "dev": true,
      "requires": {
        "@module-federation/runtime": "0.5.1",
        "@module-federation/sdk": "0.5.1"
      }
    },
    "@rsbuild/core": {
      "version": "1.1.4",
      "dev": true,
      "requires": {
        "@rspack/core": "~1.1.2",
        "@rspack/lite-tapable": "~1.0.1",
        "@swc/helpers": "^0.5.15",
        "core-js": "~3.39.0"
      }
    },
    "@rslib/core": {
      "version": "0.1.0",
      "dev": true,
      "requires": {
        "@rsbuild/core": "~1.1.4",
        "rsbuild-plugin-dts": "0.1.0",
        "tinyglobby": "^0.2.10"
      }
    },
    "@rspack/binding": {
      "version": "1.1.3",
      "dev": true,
      "requires": {
        "@rspack/binding-darwin-arm64": "1.1.3",
        "@rspack/binding-darwin-x64": "1.1.3",
        "@rspack/binding-linux-arm64-gnu": "1.1.3",
        "@rspack/binding-linux-arm64-musl": "1.1.3",
        "@rspack/binding-linux-x64-gnu": "1.1.3",
        "@rspack/binding-linux-x64-musl": "1.1.3",
        "@rspack/binding-win32-arm64-msvc": "1.1.3",
        "@rspack/binding-win32-ia32-msvc": "1.1.3",
        "@rspack/binding-win32-x64-msvc": "1.1.3"
      },
      "dependencies": {
        "@rspack/binding-darwin-x64": {
          "version": "1.1.3",
          "resolved": "https://registry.npmmirror.com/@rspack/binding-darwin-x64/-/binding-darwin-x64-1.1.3.tgz",
          "integrity": "sha512-m1G7SzkRfr1oLgghbAxUwj1J7hSKhtskQZiVeqe5tewKimFr6xLpKSTLTnEtlW0gdGNf1+dRMX/4kLMwhOdY7g==",
          "dev": true,
          "optional": true
        },
        "@rspack/binding-linux-arm64-gnu": {
          "version": "1.1.3",
          "resolved": "https://registry.npmmirror.com/@rspack/binding-linux-arm64-gnu/-/binding-linux-arm64-gnu-1.1.3.tgz",
          "integrity": "sha512-MpOrO1oppxAm8J1ztNz6G5DG/oL9ZLHmIz9vYNV6PKnk+MPhCXqfhFmQ2hZm5VIVKuOobfYEJiDUqKg2MLg8gA==",
          "dev": true,
          "optional": true
        },
        "@rspack/binding-linux-arm64-musl": {
          "version": "1.1.3",
          "resolved": "https://registry.npmmirror.com/@rspack/binding-linux-arm64-musl/-/binding-linux-arm64-musl-1.1.3.tgz",
          "integrity": "sha512-PnUDC1JxT6a5hJW0hhJ9ubWk3R+nk7eLXyNaORHyQH4k8o89Zm5GYoKnDgO4eRy41NB9/aBJQJRGSRn0iAsZgw==",
          "dev": true,
          "optional": true
        },
        "@rspack/binding-linux-x64-gnu": {
          "version": "1.1.3",
          "resolved": "https://registry.npmmirror.com/@rspack/binding-linux-x64-gnu/-/binding-linux-x64-gnu-1.1.3.tgz",
          "integrity": "sha512-+6JgyKXOp2QrHzlru95mge70tDkYlaY4NNE9xyrdj6PgTnM9cVPx4sLVhHC9+tWXaTFnccfEe9Tt6LjKnjHGaA==",
          "dev": true,
          "optional": true
        },
        "@rspack/binding-linux-x64-musl": {
          "version": "1.1.3",
          "resolved": "https://registry.npmmirror.com/@rspack/binding-linux-x64-musl/-/binding-linux-x64-musl-1.1.3.tgz",
          "integrity": "sha512-X0TJTVL1Roqq/tvN26QO4u62x2xp5tE0dlhwhbeCHrBdgBzc+PHvcv/8lclRcq6lDPzceAgcnNX/+RbWg0DzKg==",
          "dev": true,
          "optional": true
        },
        "@rspack/binding-win32-arm64-msvc": {
          "version": "1.1.3",
          "resolved": "https://registry.npmmirror.com/@rspack/binding-win32-arm64-msvc/-/binding-win32-arm64-msvc-1.1.3.tgz",
          "integrity": "sha512-Lvpp5Q30YiPNkuOFPawp2al2CTWElPeG3X0E9LFIfPdVkLc/e2nkf5a6zSYtnbD2oaskzQIYN/k27fWqWWcVHA==",
          "dev": true,
          "optional": true
        },
        "@rspack/binding-win32-ia32-msvc": {
          "version": "1.1.3",
          "resolved": "https://registry.npmmirror.com/@rspack/binding-win32-ia32-msvc/-/binding-win32-ia32-msvc-1.1.3.tgz",
          "integrity": "sha512-tC+xXcbTRX7l+NFnlGK8UhDIJrKma7S/MA1KDol23/I3Vw67EcaHDwG+q2v7uiJsxn9XooIOSCJhPKmUUfZNXg==",
          "dev": true,
          "optional": true
        },
        "@rspack/binding-win32-x64-msvc": {
          "version": "1.1.3",
          "resolved": "https://registry.npmmirror.com/@rspack/binding-win32-x64-msvc/-/binding-win32-x64-msvc-1.1.3.tgz",
          "integrity": "sha512-jeRaPJtsD/+m1QINgoDMA6D3kOcTwSHVmGSxR6fznLA5BKa76m8lewuALYxHHq9/qcgwJ4e6UtiwrO2JL3vxVQ==",
          "dev": true,
          "optional": true
        }
      }
    },
    "@rspack/binding-darwin-arm64": {
      "version": "1.1.3",
      "dev": true,
      "optional": true
    },
    "@rspack/core": {
      "version": "1.1.3",
      "dev": true,
      "requires": {
        "@module-federation/runtime-tools": "0.5.1",
        "@rspack/binding": "1.1.3",
        "@rspack/lite-tapable": "1.0.1",
        "caniuse-lite": "^1.0.30001616"
      }
    },
    "@rspack/lite-tapable": {
      "version": "1.0.1",
      "dev": true
    },
    "@swc/helpers": {
      "version": "0.5.15",
      "dev": true,
      "requires": {
        "tslib": "^2.8.0"
      }
    },
    "@types/node": {
      "version": "22.9.1",
      "dev": true,
      "requires": {
        "undici-types": "~6.19.8"
      }
    },
    "caniuse-lite": {
      "version": "1.0.30001683",
      "dev": true
    },
    "core-js": {
      "version": "3.39.0",
      "dev": true
    },
    "fdir": {
      "version": "6.4.2",
      "dev": true,
      "requires": {}
    },
    "magic-string": {
      "version": "0.30.13",
      "dev": true,
      "requires": {
        "@jridgewell/sourcemap-codec": "^1.5.0"
      }
    },
    "picocolors": {
      "version": "1.1.1",
      "dev": true
    },
    "picomatch": {
      "version": "4.0.2",
      "dev": true
    },
    "rsbuild-plugin-dts": {
      "version": "0.1.0",
      "dev": true,
      "requires": {
        "magic-string": "^0.30.12",
        "picocolors": "1.1.1",
        "tinyglobby": "^0.2.10"
      }
    },
    "tinyglobby": {
      "version": "0.2.10",
      "dev": true,
      "requires": {
        "fdir": "^6.4.2",
        "picomatch": "^4.0.2"
      }
    },
    "tslib": {
      "version": "2.8.1",
      "dev": true
    },
    "typescript": {
      "version": "5.6.3",
      "resolved": "https://registry.npmmirror.com/typescript/-/typescript-5.6.3.tgz",
      "integrity": "sha512-hjcS1mhfuyi4WW8IWtjP7brDrG2cuDZukyrYrSauoXGNgx0S7zceP07adYkJycEr56BOUTNPzbInooiN3fn1qw==",
      "dev": true
    },
    "undici-types": {
      "version": "6.19.8",
      "dev": true
    }
  }
}
